
Microsoft Visual Studio Solution File, Format Version 12.00
# Visual Studio Version 17
VisualStudioVersion = 17.14.36212.18 d17.14
MinimumVisualStudioVersion = 10.0.40219.1
Project("{FAE04EC0-301F-11D3-BF4B-00C04F79EFBC}") = "DiscordBot", "DiscordBot\DiscordBot.csproj", "{1A637D09-0F99-470A-BCD7-A5BB621A95EF}"
EndProject
Global
	GlobalSection(SolutionConfigurationPlatforms) = preSolution
		Debug|Any CPU = Debug|Any CPU
		Release|Any CPU = Release|Any CPU
	EndGlobalSection
	GlobalSection(ProjectConfigurationPlatforms) = postSolution
		{1A637D09-0F99-470A-BCD7-A5BB621A95EF}.Debug|Any CPU.ActiveCfg = Debug|Any CPU
		{1A637D09-0F99-470A-BCD7-A5BB621A95EF}.Debug|Any CPU.Build.0 = Debug|Any CPU
		{1A637D09-0F99-470A-BCD7-A5BB621A95EF}.Release|Any CPU.ActiveCfg = Release|Any CPU
		{1A637D09-0F99-470A-BCD7-A5BB621A95EF}.Release|Any CPU.Build.0 = Release|Any CPU
	EndGlobalSection
	GlobalSection(SolutionProperties) = preSolution
		HideSolutionNode = FALSE
	EndGlobalSection
	GlobalSection(ExtensibilityGlobals) = postSolution
		SolutionGuid = {A8DC6937-826C-41F2-BF75-6E9F8F73E2D5}
	EndGlobalSection
EndGlobal
